// !$*UTF8*$!
{
	archiveVersion = 1;
	classes = {
	};
	objectVersion = 56;
	objects = {

/* Begin PBXBuildFile section */
		021306242BBAC54A00A40513 /* SupermarketApp.swift in Sources */ = {isa = PBXBuildFile; fileRef = 021306232BBAC54A00A40513 /* SupermarketApp.swift */; };
		021306282BBAC54B00A40513 /* Assets.xcassets in Resources */ = {isa = PBXBuildFile; fileRef = 021306272BBAC54B00A40513 /* Assets.xcassets */; };
		0213062B2BBAC54B00A40513 /* Preview Assets.xcassets in Resources */ = {isa = PBXBuildFile; fileRef = 0213062A2BBAC54B00A40513 /* Preview Assets.xcassets */; };
		021306352BBAC54B00A40513 /* SupermarketTests.swift in Sources */ = {isa = PBXBuildFile; fileRef = 021306342BBAC54B00A40513 /* SupermarketTests.swift */; };
		0213063F2BBAC54B00A40513 /* SupermarketUITests.swift in Sources */ = {isa = PBXBuildFile; fileRef = 0213063E2BBAC54B00A40513 /* SupermarketUITests.swift */; };
		021306412BBAC54B00A40513 /* SupermarketUITestsLaunchTests.swift in Sources */ = {isa = PBXBuildFile; fileRef = 021306402BBAC54B00A40513 /* SupermarketUITestsLaunchTests.swift */; };
		0213064E2BBAC56E00A40513 /* Item.swift in Sources */ = {isa = PBXBuildFile; fileRef = 0213064D2BBAC56E00A40513 /* Item.swift */; };
		021306522BBACCB500A40513 /* ItemsData.swift in Sources */ = {isa = PBXBuildFile; fileRef = 021306512BBACCB500A40513 /* ItemsData.swift */; };
		021306542BBACCE900A40513 /* ItemListView.swift in Sources */ = {isa = PBXBuildFile; fileRef = 021306532BBACCE800A40513 /* ItemListView.swift */; };
		021306562BBACD1300A40513 /* ContentView.swift in Sources */ = {isa = PBXBuildFile; fileRef = 021306552BBACD1300A40513 /* ContentView.swift */; };
/* End PBXBuildFile section */

/* Begin PBXContainerItemProxy section */
		021306312BBAC54B00A40513 /* PBXContainerItemProxy */ = {
			isa = PBXContainerItemProxy;
			containerPortal = 021306182BBAC54A00A40513 /* Project object */;
			proxyType = 1;
			remoteGlobalIDString = 0213061F2BBAC54A00A40513;
			remoteInfo = Supermarket;
		};
		0213063B2BBAC54B00A40513 /* PBXContainerItemProxy */ = {
			isa = PBXContainerItemProxy;
			containerPortal = 021306182BBAC54A00A40513 /* Project object */;
			proxyType = 1;
			remoteGlobalIDString = 0213061F2BBAC54A00A40513;
			remoteInfo = Supermarket;
		};
/* End PBXContainerItemProxy section */

/* Begin PBXFileReference section */
		021306202BBAC54A00A40513 /* Supermarket.app */ = {isa = PBXFileReference; explicitFileType = wrapper.application; includeInIndex = 0; path = Supermarket.app; sourceTree = BUILT_PRODUCTS_DIR; };
		021306232BBAC54A00A40513 /* SupermarketApp.swift */ = {isa = PBXFileReference; lastKnownFileType = sourcecode.swift; path = SupermarketApp.swift; sourceTree = "<group>"; };
		021306272BBAC54B00A40513 /* Assets.xcassets */ = {isa = PBXFileReference; lastKnownFileType = folder.assetcatalog; path = Assets.xcassets; sourceTree = "<group>"; };
		0213062A2BBAC54B00A40513 /* Preview Assets.xcassets */ = {isa = PBXFileReference; lastKnownFileType = folder.assetcatalog; path = "Preview Assets.xcassets"; sourceTree = "<group>"; };
		021306302BBAC54B00A40513 /* SupermarketTests.xctest */ = {isa = PBXFileReference; explicitFileType = wrapper.cfbundle; includeInIndex = 0; path = SupermarketTests.xctest; sourceTree = BUILT_PRODUCTS_DIR; };
		021306342BBAC54B00A40513 /* SupermarketTests.swift */ = {isa = PBXFileReference; lastKnownFileType = sourcecode.swift; path = SupermarketTests.swift; sourceTree = "<group>"; };
		0213063A2BBAC54B00A40513 /* SupermarketUITests.xctest */ = {isa = PBXFileReference; explicitFileType = wrapper.cfbundle; includeInIndex = 0; path = SupermarketUITests.xctest; sourceTree = BUILT_PRODUCTS_DIR; };
		0213063E2BBAC54B00A40513 /* SupermarketUITests.swift */ = {isa = PBXFileReference; lastKnownFileType = sourcecode.swift; path = SupermarketUITests.swift; sourceTree = "<group>"; };
		021306402BBAC54B00A40513 /* SupermarketUITestsLaunchTests.swift */ = {isa = PBXFileReference; lastKnownFileType = sourcecode.swift; path = SupermarketUITestsLaunchTests.swift; sourceTree = "<group>"; };
		0213064D2BBAC56E00A40513 /* Item.swift */ = {isa = PBXFileReference; lastKnownFileType = sourcecode.swift; path = Item.swift; sourceTree = "<group>"; };
		021306512BBACCB500A40513 /* ItemsData.swift */ = {isa = PBXFileReference; lastKnownFileType = sourcecode.swift; path = ItemsData.swift; sourceTree = "<group>"; };
		021306532BBACCE800A40513 /* ItemListView.swift */ = {isa = PBXFileReference; lastKnownFileType = sourcecode.swift; path = ItemListView.swift; sourceTree = "<group>"; };
		021306552BBACD1300A40513 /* ContentView.swift */ = {isa = PBXFileReference; lastKnownFileType = sourcecode.swift; path = ContentView.swift; sourceTree = "<group>"; };
/* End PBXFileReference section */

/* Begin PBXFrameworksBuildPhase section */
		0213061D2BBAC54A00A40513 /* Frameworks */ = {
			isa = PBXFrameworksBuildPhase;
			buildActionMask = 2147483647;
			files = (
			);
			runOnlyForDeploymentPostprocessing = 0;
		};
		0213062D2BBAC54B00A40513 /* Frameworks */ = {
			isa = PBXFrameworksBuildPhase;
			buildActionMask = 2147483647;
			files = (
			);
			runOnlyForDeploymentPostprocessing = 0;
		};
		021306372BBAC54B00A40513 /* Frameworks */ = {
			isa = PBXFrameworksBuildPhase;
			buildActionMask = 2147483647;
			files = (
			);
			runOnlyForDeploymentPostprocessing = 0;
		};
/* End PBXFrameworksBuildPhase section */

/* Begin PBXGroup section */
		021306172BBAC54A00A40513 = {
			isa = PBXGroup;
			children = (
				021306222BBAC54A00A40513 /* Supermarket */,
				021306332BBAC54B00A40513 /* SupermarketTests */,
				0213063D2BBAC54B00A40513 /* SupermarketUITests */,
				021306212BBAC54A00A40513 /* Products */,
			);
			sourceTree = "<group>";
		};
		021306212BBAC54A00A40513 /* Products */ = {
			isa = PBXGroup;
			children = (
				021306202BBAC54A00A40513 /* Supermarket.app */,
				021306302BBAC54B00A40513 /* SupermarketTests.xctest */,
				0213063A2BBAC54B00A40513 /* SupermarketUITests.xctest */,
			);
			name = Products;
			sourceTree = "<group>";
		};
		021306222BBAC54A00A40513 /* Supermarket */ = {
			isa = PBXGroup;
			children = (
				021306232BBAC54A00A40513 /* SupermarketApp.swift */,
				021306552BBACD1300A40513 /* ContentView.swift */,
				0213064D2BBAC56E00A40513 /* Item.swift */,
				021306532BBACCE800A40513 /* ItemListView.swift */,
				021306512BBACCB500A40513 /* ItemsData.swift */,
				021306272BBAC54B00A40513 /* Assets.xcassets */,
				021306292BBAC54B00A40513 /* Preview Content */,
			);
			path = Supermarket;
			sourceTree = "<group>";
		};
		021306292BBAC54B00A40513 /* Preview Content */ = {
			isa = PBXGroup;
			children = (
				0213062A2BBAC54B00A40513 /* Preview Assets.xcassets */,
			);
			path = "Preview Content";
			sourceTree = "<group>";
		};
		021306332BBAC54B00A40513 /* SupermarketTests */ = {
			isa = PBXGroup;
			children = (
				021306342BBAC54B00A40513 /* SupermarketTests.swift */,
			);
			path = SupermarketTests;
			sourceTree = "<group>";
		};
		0213063D2BBAC54B00A40513 /* SupermarketUITests */ = {
			isa = PBXGroup;
			children = (
				0213063E2BBAC54B00A40513 /* SupermarketUITests.swift */,
				021306402BBAC54B00A40513 /* SupermarketUITestsLaunchTests.swift */,
			);
			path = SupermarketUITests;
			sourceTree = "<group>";
		};
/* End PBXGroup section */

/* Begin PBXNativeTarget section */
		0213061F2BBAC54A00A40513 /* Supermarket */ = {
			isa = PBXNativeTarget;
			buildConfigurationList = 021306442BBAC54B00A40513 /* Build configuration list for PBXNativeTarget "Supermarket" */;
			buildPhases = (
				0213061C2BBAC54A00A40513 /* Sources */,
				0213061D2BBAC54A00A40513 /* Frameworks */,
				0213061E2BBAC54A00A40513 /* Resources */,
			);
			buildRules = (
			);
			dependencies = (
			);
			name = Supermarket;
			productName = Supermarket;
			productReference = 021306202BBAC54A00A40513 /* Supermarket.app */;
			productType = "com.apple.product-type.application";
		};
		0213062F2BBAC54B00A40513 /* SupermarketTests */ = {
			isa = PBXNativeTarget;
			buildConfigurationList = 021306472BBAC54B00A40513 /* Build configuration list for PBXNativeTarget "SupermarketTests" */;
			buildPhases = (
				0213062C2BBAC54B00A40513 /* Sources */,
				0213062D2BBAC54B00A40513 /* Frameworks */,
				0213062E2BBAC54B00A40513 /* Resources */,
			);
			buildRules = (
			);
			dependencies = (
				021306322BBAC54B00A40513 /* PBXTargetDependency */,
			);
			name = SupermarketTests;
			productName = SupermarketTests;
			productReference = 021306302BBAC54B00A40513 /* SupermarketTests.xctest */;
			productType = "com.apple.product-type.bundle.unit-test";
		};
		021306392BBAC54B00A40513 /* SupermarketUITests */ = {
			isa = PBXNativeTarget;
			buildConfigurationList = 0213064A2BBAC54B00A40513 /* Build configuration list for PBXNativeTarget "SupermarketUITests" */;
			buildPhases = (
				021306362BBAC54B00A40513 /* Sources */,
				021306372BBAC54B00A40513 /* Frameworks */,
				021306382BBAC54B00A40513 /* Resources */,
			);
			buildRules = (
			);
			dependencies = (
				0213063C2BBAC54B00A40513 /* PBXTargetDependency */,
			);
			name = SupermarketUITests;
			productName = SupermarketUITests;
			productReference = 0213063A2BBAC54B00A40513 /* SupermarketUITests.xctest */;
			productType = "com.apple.product-type.bundle.ui-testing";
		};
/* End PBXNativeTarget section */

/* Begin PBXProject section */
		021306182BBAC54A00A40513 /* Project object */ = {
			isa = PBXProject;
			attributes = {
				BuildIndependentTargetsInParallel = 1;
				LastSwiftUpdateCheck = 1510;
				LastUpgradeCheck = 1510;
				TargetAttributes = {
					0213061F2BBAC54A00A40513 = {
						CreatedOnToolsVersion = 15.1;
					};
					0213062F2BBAC54B00A40513 = {
						CreatedOnToolsVersion = 15.1;
						TestTargetID = 0213061F2BBAC54A00A40513;
					};
					021306392BBAC54B00A40513 = {
						CreatedOnToolsVersion = 15.1;
						TestTargetID = 0213061F2BBAC54A00A40513;
					};
				};
			};
			buildConfigurationList = 0213061B2BBAC54A00A40513 /* Build configuration list for PBXProject "Supermarket" */;
			compatibilityVersion = "Xcode 14.0";
			developmentRegion = en;
			hasScannedForEncodings = 0;
			knownRegions = (
				en,
				Base,
			);
			mainGroup = 021306172BBAC54A00A40513;
			productRefGroup = 021306212BBAC54A00A40513 /* Products */;
			projectDirPath = "";
			projectRoot = "";
			targets = (
				0213061F2BBAC54A00A40513 /* Supermarket */,
				0213062F2BBAC54B00A40513 /* SupermarketTests */,
				021306392BBAC54B00A40513 /* SupermarketUITests */,
			);
		};
/* End PBXProject section */

/* Begin PBXResourcesBuildPhase section */
		0213061E2BBAC54A00A40513 /* Resources */ = {
			isa = PBXResourcesBuildPhase;
			buildActionMask = 2147483647;
			files = (
				0213062B2BBAC54B00A40513 /* Preview Assets.xcassets in Resources */,
				021306282BBAC54B00A40513 /* Assets.xcassets in Resources */,
			);
			runOnlyForDeploymentPostprocessing = 0;
		};
		0213062E2BBAC54B00A40513 /* Resources */ = {
			isa = PBXResourcesBuildPhase;
			buildActionMask = 2147483647;
			files = (
			);
			runOnlyForDeploymentPostprocessing = 0;
		};
		021306382BBAC54B00A40513 /* Resources */ = {
			isa = PBXResourcesBuildPhase;
			buildActionMask = 2147483647;
			files = (
			);
			runOnlyForDeploymentPostprocessing = 0;
		};
/* End PBXResourcesBuildPhase section */

/* Begin PBXSourcesBuildPhase section */
		0213061C2BBAC54A00A40513 /* Sources */ = {
			isa = PBXSourcesBuildPhase;
			buildActionMask = 2147483647;
			files = (
				021306522BBACCB500A40513 /* ItemsData.swift in Sources */,
				021306562BBACD1300A40513 /* ContentView.swift in Sources */,
				021306542BBACCE900A40513 /* ItemListView.swift in Sources */,
				0213064E2BBAC56E00A40513 /* Item.swift in Sources */,
				021306242BBAC54A00A40513 /* SupermarketApp.swift in Sources */,
			);
			runOnlyForDeploymentPostprocessing = 0;
		};
		0213062C2BBAC54B00A40513 /* Sources */ = {
			isa = PBXSourcesBuildPhase;
			buildActionMask = 2147483647;
			files = (
				021306352BBAC54B00A40513 /* SupermarketTests.swift in Sources */,
			);
			runOnlyForDeploymentPostprocessing = 0;
		};
		021306362BBAC54B00A40513 /* Sources */ = {
			isa = PBXSourcesBuildPhase;
			buildActionMask = 2147483647;
			files = (
				021306412BBAC54B00A40513 /* SupermarketUITestsLaunchTests.swift in Sources */,
				0213063F2BBAC54B00A40513 /* SupermarketUITests.swift in Sources */,
			);
			runOnlyForDeploymentPostprocessing = 0;
		};
/* End PBXSourcesBuildPhase section */

/* Begin PBXTargetDependency section */
		021306322BBAC54B00A40513 /* PBXTargetDependency */ = {
			isa = PBXTargetDependency;
			target = 0213061F2BBAC54A00A40513 /* Supermarket */;
			targetProxy = 021306312BBAC54B00A40513 /* PBXContainerItemProxy */;
		};
		0213063C2BBAC54B00A40513 /* PBXTargetDependency */ = {
			isa = PBXTargetDependency;
			target = 0213061F2BBAC54A00A40513 /* Supermarket */;
			targetProxy = 0213063B2BBAC54B00A40513 /* PBXContainerItemProxy */;
		};
/* End PBXTargetDependency section */

/* Begin XCBuildConfiguration section */
		021306422BBAC54B00A40513 /* Debug */ = {
			isa = XCBuildConfiguration;
			buildSettings = {
				ALWAYS_SEARCH_USER_PATHS = NO;
				ASSETCATALOG_COMPILER_GENERATE_SWIFT_ASSET_SYMBOL_EXTENSIONS = YES;
				CLANG_ANALYZER_NONNULL = YES;
				CLANG_ANALYZER_NUMBER_OBJECT_CONVERSION = YES_AGGRESSIVE;
				CLANG_CXX_LANGUAGE_STANDARD = "gnu++20";
				CLANG_ENABLE_MODULES = YES;
				CLANG_ENABLE_OBJC_ARC = YES;
				CLANG_ENABLE_OBJC_WEAK = YES;
				CLANG_WARN_BLOCK_CAPTURE_AUTORELEASING = YES;
				CLANG_WARN_BOOL_CONVERSION = YES;
				CLANG_WARN_COMMA = YES;
				CLANG_WARN_CONSTANT_CONVERSION = YES;
				CLANG_WARN_DEPRECATED_OBJC_IMPLEMENTATIONS = YES;
				CLANG_WARN_DIRECT_OBJC_ISA_USAGE = YES_ERROR;
				CLANG_WARN_DOCUMENTATION_COMMENTS = YES;
				CLANG_WARN_EMPTY_BODY = YES;
				CLANG_WARN_ENUM_CONVERSION = YES;
				CLANG_WARN_INFINITE_RECURSION = YES;
				CLANG_WARN_INT_CONVERSION = YES;
				CLANG_WARN_NON_LITERAL_NULL_CONVERSION = YES;
				CLANG_WARN_OBJC_IMPLICIT_RETAIN_SELF = YES;
				CLANG_WARN_OBJC_LITERAL_CONVERSION = YES;
				CLANG_WARN_OBJC_ROOT_CLASS = YES_ERROR;
				CLANG_WARN_QUOTED_INCLUDE_IN_FRAMEWORK_HEADER = YES;
				CLANG_WARN_RANGE_LOOP_ANALYSIS = YES;
				CLANG_WARN_STRICT_PROTOTYPES = YES;
				CLANG_WARN_SUSPICIOUS_MOVE = YES;
				CLANG_WARN_UNGUARDED_AVAILABILITY = YES_AGGRESSIVE;
				CLANG_WARN_UNREACHABLE_CODE = YES;
				CLANG_WARN__DUPLICATE_METHOD_MATCH = YES;
				COPY_PHASE_STRIP = NO;
				DEBUG_INFORMATION_FORMAT = dwarf;
				ENABLE_STRICT_OBJC_MSGSEND = YES;
				ENABLE_TESTABILITY = YES;
				ENABLE_USER_SCRIPT_SANDBOXING = YES;
				GCC_C_LANGUAGE_STANDARD = gnu17;
				GCC_DYNAMIC_NO_PIC = NO;
				GCC_NO_COMMON_BLOCKS = YES;
				GCC_OPTIMIZATION_LEVEL = 0;
				GCC_PREPROCESSOR_DEFINITIONS = (
					"DEBUG=1",
					"$(inherited)",
				);
				GCC_WARN_64_TO_32_BIT_CONVERSION = YES;
				GCC_WARN_ABOUT_RETURN_TYPE = YES_ERROR;
				GCC_WARN_UNDECLARED_SELECTOR = YES;
				GCC_WARN_UNINITIALIZED_AUTOS = YES_AGGRESSIVE;
				GCC_WARN_UNUSED_FUNCTION = YES;
				GCC_WARN_UNUSED_VARIABLE = YES;
				IPHONEOS_DEPLOYMENT_TARGET = 17.2;
				LOCALIZATION_PREFERS_STRING_CATALOGS = YES;
				MTL_ENABLE_DEBUG_INFO = INCLUDE_SOURCE;
				MTL_FAST_MATH = YES;
				ONLY_ACTIVE_ARCH = YES;
				SDKROOT = iphoneos;
				SWIFT_ACTIVE_COMPILATION_CONDITIONS = "DEBUG $(inherited)";
				SWIFT_OPTIMIZATION_LEVEL = "-Onone";
			};
			name = Debug;
		};
		021306432BBAC54B00A40513 /* Release */ = {
			isa = XCBuildConfiguration;
			buildSettings = {
				ALWAYS_SEARCH_USER_PATHS = NO;
				ASSETCATALOG_COMPILER_GENERATE_SWIFT_ASSET_SYMBOL_EXTENSIONS = YES;
				CLANG_ANALYZER_NONNULL = YES;
				CLANG_ANALYZER_NUMBER_OBJECT_CONVERSION = YES_AGGRESSIVE;
				CLANG_CXX_LANGUAGE_STANDARD = "gnu++20";
				CLANG_ENABLE_MODULES = YES;
				CLANG_ENABLE_OBJC_ARC = YES;
				CLANG_ENABLE_OBJC_WEAK = YES;
				CLANG_WARN_BLOCK_CAPTURE_AUTORELEASING = YES;
				CLANG_WARN_BOOL_CONVERSION = YES;
				CLANG_WARN_COMMA = YES;
				CLANG_WARN_CONSTANT_CONVERSION = YES;
				CLANG_WARN_DEPRECATED_OBJC_IMPLEMENTATIONS = YES;
				CLANG_WARN_DIRECT_OBJC_ISA_USAGE = YES_ERROR;
				CLANG_WARN_DOCUMENTATION_COMMENTS = YES;
				CLANG_WARN_EMPTY_BODY = YES;
				CLANG_WARN_ENUM_CONVERSION = YES;
				CLANG_WARN_INFINITE_RECURSION = YES;
				CLANG_WARN_INT_CONVERSION = YES;
				CLANG_WARN_NON_LITERAL_NULL_CONVERSION = YES;
				CLANG_WARN_OBJC_IMPLICIT_RETAIN_SELF = YES;
				CLANG_WARN_OBJC_LITERAL_CONVERSION = YES;
				CLANG_WARN_OBJC_ROOT_CLASS = YES_ERROR;
				CLANG_WARN_QUOTED_INCLUDE_IN_FRAMEWORK_HEADER = YES;
				CLANG_WARN_RANGE_LOOP_ANALYSIS = YES;
				CLANG_WARN_STRICT_PROTOTYPES = YES;
				CLANG_WARN_SUSPICIOUS_MOVE = YES;
				CLANG_WARN_UNGUARDED_AVAILABILITY = YES_AGGRESSIVE;
				CLANG_WARN_UNREACHABLE_CODE = YES;
				CLANG_WARN__DUPLICATE_METHOD_MATCH = YES;
				COPY_PHASE_STRIP = NO;
				DEBUG_INFORMATION_FORMAT = "dwarf-with-dsym";
				ENABLE_NS_ASSERTIONS = NO;
				ENABLE_STRICT_OBJC_MSGSEND = YES;
				ENABLE_USER_SCRIPT_SANDBOXING = YES;
				GCC_C_LANGUAGE_STANDARD = gnu17;
				GCC_NO_COMMON_BLOCKS = YES;
				GCC_WARN_64_TO_32_BIT_CONVERSION = YES;
				GCC_WARN_ABOUT_RETURN_TYPE = YES_ERROR;
				GCC_WARN_UNDECLARED_SELECTOR = YES;
				GCC_WARN_UNINITIALIZED_AUTOS = YES_AGGRESSIVE;
				GCC_WARN_UNUSED_FUNCTION = YES;
				GCC_WARN_UNUSED_VARIABLE = YES;
				IPHONEOS_DEPLOYMENT_TARGET = 17.2;
				LOCALIZATION_PREFERS_STRING_CATALOGS = YES;
				MTL_ENABLE_DEBUG_INFO = NO;
				MTL_FAST_MATH = YES;
				SDKROOT = iphoneos;
				SWIFT_COMPILATION_MODE = wholemodule;
				VALIDATE_PRODUCT = YES;
			};
			name = Release;
		};
		021306452BBAC54B00A40513 /* Debug */ = {
			isa = XCBuildConfiguration;
			buildSettings = {
				ASSETCATALOG_COMPILER_APPICON_NAME = AppIcon;
				ASSETCATALOG_COMPILER_GLOBAL_ACCENT_COLOR_NAME = AccentColor;
				CODE_SIGN_STYLE = Automatic;
				CURRENT_PROJECT_VERSION = 1;
				DEVELOPMENT_ASSET_PATHS = "\"Supermarket/Preview Content\"";
				DEVELOPMENT_TEAM = Q353GR5B72;
				ENABLE_PREVIEWS = YES;
				GENERATE_INFOPLIST_FILE = YES;
				INFOPLIST_KEY_UIApplicationSceneManifest_Generation = YES;
				INFOPLIST_KEY_UIApplicationSupportsIndirectInputEvents = YES;
				INFOPLIST_KEY_UILaunchScreen_Generation = YES;
				INFOPLIST_KEY_UISupportedInterfaceOrientations_iPad = "UIInterfaceOrientationPortrait UIInterfaceOrientationPortraitUpsideDown UIInterfaceOrientationLandscapeLeft UIInterfaceOrientationLandscapeRight";
				INFOPLIST_KEY_UISupportedInterfaceOrientations_iPhone = "UIInterfaceOrientationPortrait UIInterfaceOrientationLandscapeLeft UIInterfaceOrientationLandscapeRight";
				LD_RUNPATH_SEARCH_PATHS = (
					"$(inherited)",
					"@executable_path/Frameworks",
				);
				MARKETING_VERSION = 1.0;
				PRODUCT_BUNDLE_IDENTIFIER = app.Supermarket;
				PRODUCT_NAME = "$(TARGET_NAME)";
				SWIFT_EMIT_LOC_STRINGS = YES;
				SWIFT_VERSION = 5.0;
				TARGETED_DEVICE_FAMILY = "1,2";
			};
			name = Debug;
		};
		021306462BBAC54B00A40513 /* Release */ = {
			isa = XCBuildConfiguration;
			buildSettings = {
				ASSETCATALOG_COMPILER_APPICON_NAME = AppIcon;
				ASSETCATALOG_COMPILER_GLOBAL_ACCENT_COLOR_NAME = AccentColor;
				CODE_SIGN_STYLE = Automatic;
				CURRENT_PROJECT_VERSION = 1;
				DEVELOPMENT_ASSET_PATHS = "\"Supermarket/Preview Content\"";
				DEVELOPMENT_TEAM = Q353GR5B72;
				ENABLE_PREVIEWS = YES;
				GENERATE_INFOPLIST_FILE = YES;
				INFOPLIST_KEY_UIApplicationSceneManifest_Generation = YES;
				INFOPLIST_KEY_UIApplicationSupportsIndirectInputEvents = YES;
				INFOPLIST_KEY_UILaunchScreen_Generation = YES;
				INFOPLIST_KEY_UISupportedInterfaceOrientations_iPad = "UIInterfaceOrientationPortrait UIInterfaceOrientationPortraitUpsideDown UIInterfaceOrientationLandscapeLeft UIInterfaceOrientationLandscapeRight";
				INFOPLIST_KEY_UISupportedInterfaceOrientations_iPhone = "UIInterfaceOrientationPortrait UIInterfaceOrientationLandscapeLeft UIInterfaceOrientationLandscapeRight";
				LD_RUNPATH_SEARCH_PATHS = (
					"$(inherited)",
					"@executable_path/Frameworks",
				);
				MARKETING_VERSION = 1.0;
				PRODUCT_BUNDLE_IDENTIFIER = app.Supermarket;
				PRODUCT_NAME = "$(TARGET_NAME)";
				SWIFT_EMIT_LOC_STRINGS = YES;
				SWIFT_VERSION = 5.0;
				TARGETED_DEVICE_FAMILY = "1,2";
			};
			name = Release;
		};
		021306482BBAC54B00A40513 /* Debug */ = {
			isa = XCBuildConfiguration;
			buildSettings = {
				ALWAYS_EMBED_SWIFT_STANDARD_LIBRARIES = YES;
				BUNDLE_LOADER = "$(TEST_HOST)";
				CODE_SIGN_STYLE = Automatic;
				CURRENT_PROJECT_VERSION = 1;
				DEVELOPMENT_TEAM = Q353GR5B72;
				GENERATE_INFOPLIST_FILE = YES;
				IPHONEOS_DEPLOYMENT_TARGET = 17.2;
				MARKETING_VERSION = 1.0;
				PRODUCT_BUNDLE_IDENTIFIER = app.SupermarketTests;
				PRODUCT_NAME = "$(TARGET_NAME)";
				SWIFT_EMIT_LOC_STRINGS = NO;
				SWIFT_VERSION = 5.0;
				TARGETED_DEVICE_FAMILY = "1,2";
				TEST_HOST = "$(BUILT_PRODUCTS_DIR)/Supermarket.app/$(BUNDLE_EXECUTABLE_FOLDER_PATH)/Supermarket";
			};
			name = Debug;
		};
		021306492BBAC54B00A40513 /* Release */ = {
			isa = XCBuildConfiguration;
			buildSettings = {
				ALWAYS_EMBED_SWIFT_STANDARD_LIBRARIES = YES;
				BUNDLE_LOADER = "$(TEST_HOST)";
				CODE_SIGN_STYLE = Automatic;
				CURRENT_PROJECT_VERSION = 1;
				DEVELOPMENT_TEAM = Q353GR5B72;
				GENERATE_INFOPLIST_FILE = YES;
				IPHONEOS_DEPLOYMENT_TARGET = 17.2;
				MARKETING_VERSION = 1.0;
				PRODUCT_BUNDLE_IDENTIFIER = app.SupermarketTests;
				PRODUCT_NAME = "$(TARGET_NAME)";
				SWIFT_EMIT_LOC_STRINGS = NO;
				SWIFT_VERSION = 5.0;
				TARGETED_DEVICE_FAMILY = "1,2";
				TEST_HOST = "$(BUILT_PRODUCTS_DIR)/Supermarket.app/$(BUNDLE_EXECUTABLE_FOLDER_PATH)/Supermarket";
			};
			name = Release;
		};
		0213064B2BBAC54B00A40513 /* Debug */ = {
			isa = XCBuildConfiguration;
			buildSettings = {
				ALWAYS_EMBED_SWIFT_STANDARD_LIBRARIES = YES;
				CODE_SIGN_STYLE = Automatic;
				CURRENT_PROJECT_VERSION = 1;
				DEVELOPMENT_TEAM = Q353GR5B72;
				GENERATE_INFOPLIST_FILE = YES;
				MARKETING_VERSION = 1.0;
				PRODUCT_BUNDLE_IDENTIFIER = app.SupermarketUITests;
				PRODUCT_NAME = "$(TARGET_NAME)";
				SWIFT_EMIT_LOC_STRINGS = NO;
				SWIFT_VERSION = 5.0;
				TARGETED_DEVICE_FAMILY = "1,2";
				TEST_TARGET_NAME = Supermarket;
			};
			name = Debug;
		};
		0213064C2BBAC54B00A40513 /* Release */ = {
			isa = XCBuildConfiguration;
			buildSettings = {
				ALWAYS_EMBED_SWIFT_STANDARD_LIBRARIES = YES;
				CODE_SIGN_STYLE = Automatic;
				CURRENT_PROJECT_VERSION = 1;
				DEVELOPMENT_TEAM = Q353GR5B72;
				GENERATE_INFOPLIST_FILE = YES;
				MARKETING_VERSION = 1.0;
				PRODUCT_BUNDLE_IDENTIFIER = app.SupermarketUITests;
				PRODUCT_NAME = "$(TARGET_NAME)";
				SWIFT_EMIT_LOC_STRINGS = NO;
				SWIFT_VERSION = 5.0;
				TARGETED_DEVICE_FAMILY = "1,2";
				TEST_TARGET_NAME = Supermarket;
			};
			name = Release;
		};
/* End XCBuildConfiguration section */

/* Begin XCConfigurationList section */
		0213061B2BBAC54A00A40513 /* Build configuration list for PBXProject "Supermarket" */ = {
			isa = XCConfigurationList;
			buildConfigurations = (
				021306422BBAC54B00A40513 /* Debug */,
				021306432BBAC54B00A40513 /* Release */,
			);
			defaultConfigurationIsVisible = 0;
			defaultConfigurationName = Release;
		};
		021306442BBAC54B00A40513 /* Build configuration list for PBXNativeTarget "Supermarket" */ = {
			isa = XCConfigurationList;
			buildConfigurations = (
				021306452BBAC54B00A40513 /* Debug */,
				021306462BBAC54B00A40513 /* Release */,
			);
			defaultConfigurationIsVisible = 0;
			defaultConfigurationName = Release;
		};
		021306472BBAC54B00A40513 /* Build configuration list for PBXNativeTarget "SupermarketTests" */ = {
			isa = XCConfigurationList;
			buildConfigurations = (
				021306482BBAC54B00A40513 /* Debug */,
				021306492BBAC54B00A40513 /* Release */,
			);
			defaultConfigurationIsVisible = 0;
			defaultConfigurationName = Release;
		};
		0213064A2BBAC54B00A40513 /* Build configuration list for PBXNativeTarget "SupermarketUITests" */ = {
			isa = XCConfigurationList;
			buildConfigurations = (
				0213064B2BBAC54B00A40513 /* Debug */,
				0213064C2BBAC54B00A40513 /* Release */,
			);
			defaultConfigurationIsVisible = 0;
			defaultConfigurationName = Release;
		};
/* End XCConfigurationList section */
	};
	rootObject = 021306182BBAC54A00A40513 /* Project object */;
}
